
Microsoft Visual Studio Solution File, Format Version 12.00
# Visual Studio Version 17
VisualStudioVersion = 17.1.32210.238
MinimumVisualStudioVersion = 10.0.40219.1
Project("{FAE04EC0-301F-11D3-BF4B-00C04F79EFBC}") = "Kinonik", "Kinonik\Kinonik.csproj", "{57B0EF5E-D376-4274-B660-E6DD7C3AF32E}"
EndProject
Global
	GlobalSection(SolutionConfigurationPlatforms) = preSolution
		Debug|Any CPU = Debug|Any CPU
		Release|Any CPU = Release|Any CPU
	EndGlobalSection
	GlobalSection(ProjectConfigurationPlatforms) = postSolution
		{57B0EF5E-D376-4274-B660-E6DD7C3AF32E}.Debug|Any CPU.ActiveCfg = Debug|Any CPU
		{57B0EF5E-D376-4274-B660-E6DD7C3AF32E}.Debug|Any CPU.Build.0 = Debug|Any CPU
		{57B0EF5E-D376-4274-B660-E6DD7C3AF32E}.Release|Any CPU.ActiveCfg = Release|Any CPU
		{57B0EF5E-D376-4274-B660-E6DD7C3AF32E}.Release|Any CPU.Build.0 = Release|Any CPU
	EndGlobalSection
	GlobalSection(SolutionProperties) = preSolution
		HideSolutionNode = FALSE
	EndGlobalSection
	GlobalSection(ExtensibilityGlobals) = postSolution
		SolutionGuid = {FB8C2D81-6CA9-46D1-B1BA-8F211C8DB4FB}
	EndGlobalSection
EndGlobal
