
Microsoft Visual Studio Solution File, Format Version 12.00
# Visual Studio Version 16
VisualStudioVersion = 16.0.29613.14
MinimumVisualStudioVersion = 10.0.40219.1
Project("{FAE04EC0-301F-11D3-BF4B-00C04F79EFBC}") = "Prijava", "Prijava\Prijava.csproj", "{5E176139-D825-4996-9D00-EA8E5DDE15E4}"
EndProject
Global
	GlobalSection(SolutionConfigurationPlatforms) = preSolution
		Debug|Any CPU = Debug|Any CPU
		Release|Any CPU = Release|Any CPU
	EndGlobalSection
	GlobalSection(ProjectConfigurationPlatforms) = postSolution
		{5E176139-D825-4996-9D00-EA8E5DDE15E4}.Debug|Any CPU.ActiveCfg = Debug|Any CPU
		{5E176139-D825-4996-9D00-EA8E5DDE15E4}.Debug|Any CPU.Build.0 = Debug|Any CPU
		{5E176139-D825-4996-9D00-EA8E5DDE15E4}.Release|Any CPU.ActiveCfg = Release|Any CPU
		{5E176139-D825-4996-9D00-EA8E5DDE15E4}.Release|Any CPU.Build.0 = Release|Any CPU
	EndGlobalSection
	GlobalSection(SolutionProperties) = preSolution
		HideSolutionNode = FALSE
	EndGlobalSection
	GlobalSection(ExtensibilityGlobals) = postSolution
		SolutionGuid = {EA42FABA-76FF-4458-8F7B-8963650FA398}
	EndGlobalSection
EndGlobal
