
Microsoft Visual Studio Solution File, Format Version 12.00
# Visual Studio Version 17
VisualStudioVersion = 17.1.32210.238
MinimumVisualStudioVersion = 10.0.40219.1
Project("{FAE04EC0-301F-11D3-BF4B-00C04F79EFBC}") = "Godine", "Godine\Godine.csproj", "{7314D2F2-BC4D-4411-9B85-FDACBF4A6D1F}"
EndProject
Global
	GlobalSection(SolutionConfigurationPlatforms) = preSolution
		Debug|Any CPU = Debug|Any CPU
		Release|Any CPU = Release|Any CPU
	EndGlobalSection
	GlobalSection(ProjectConfigurationPlatforms) = postSolution
		{7314D2F2-BC4D-4411-9B85-FDACBF4A6D1F}.Debug|Any CPU.ActiveCfg = Debug|Any CPU
		{7314D2F2-BC4D-4411-9B85-FDACBF4A6D1F}.Debug|Any CPU.Build.0 = Debug|Any CPU
		{7314D2F2-BC4D-4411-9B85-FDACBF4A6D1F}.Release|Any CPU.ActiveCfg = Release|Any CPU
		{7314D2F2-BC4D-4411-9B85-FDACBF4A6D1F}.Release|Any CPU.Build.0 = Release|Any CPU
	EndGlobalSection
	GlobalSection(SolutionProperties) = preSolution
		HideSolutionNode = FALSE
	EndGlobalSection
	GlobalSection(ExtensibilityGlobals) = postSolution
		SolutionGuid = {B3B2EB75-0D08-4EE7-B9B5-CC3C5E240801}
	EndGlobalSection
EndGlobal
