
Microsoft Visual Studio Solution File, Format Version 12.00
# Visual Studio Version 17
VisualStudioVersion = 17.1.32210.238
MinimumVisualStudioVersion = 10.0.40219.1
Project("{FAE04EC0-301F-11D3-BF4B-00C04F79EFBC}") = "Potencije", "Potencije\Potencije.csproj", "{3FB969F9-20B4-486A-B5D4-80D05A3F8680}"
EndProject
Global
	GlobalSection(SolutionConfigurationPlatforms) = preSolution
		Debug|Any CPU = Debug|Any CPU
		Release|Any CPU = Release|Any CPU
	EndGlobalSection
	GlobalSection(ProjectConfigurationPlatforms) = postSolution
		{3FB969F9-20B4-486A-B5D4-80D05A3F8680}.Debug|Any CPU.ActiveCfg = Debug|Any CPU
		{3FB969F9-20B4-486A-B5D4-80D05A3F8680}.Debug|Any CPU.Build.0 = Debug|Any CPU
		{3FB969F9-20B4-486A-B5D4-80D05A3F8680}.Release|Any CPU.ActiveCfg = Release|Any CPU
		{3FB969F9-20B4-486A-B5D4-80D05A3F8680}.Release|Any CPU.Build.0 = Release|Any CPU
	EndGlobalSection
	GlobalSection(SolutionProperties) = preSolution
		HideSolutionNode = FALSE
	EndGlobalSection
	GlobalSection(ExtensibilityGlobals) = postSolution
		SolutionGuid = {D059E247-5B89-4E73-8F55-EDFAC6A3092F}
	EndGlobalSection
EndGlobal
