
Microsoft Visual Studio Solution File, Format Version 12.00
# Visual Studio Version 17
VisualStudioVersion = 17.1.32210.238
MinimumVisualStudioVersion = 10.0.40219.1
Project("{FAE04EC0-301F-11D3-BF4B-00C04F79EFBC}") = "Kucna knjiznica 2", "Kucna knjiznica 2\Kucna knjiznica 2.csproj", "{97A0DEFD-7BAB-4D4E-A04D-94ED6A8D5DCB}"
EndProject
Global
	GlobalSection(SolutionConfigurationPlatforms) = preSolution
		Debug|Any CPU = Debug|Any CPU
		Release|Any CPU = Release|Any CPU
	EndGlobalSection
	GlobalSection(ProjectConfigurationPlatforms) = postSolution
		{97A0DEFD-7BAB-4D4E-A04D-94ED6A8D5DCB}.Debug|Any CPU.ActiveCfg = Debug|Any CPU
		{97A0DEFD-7BAB-4D4E-A04D-94ED6A8D5DCB}.Debug|Any CPU.Build.0 = Debug|Any CPU
		{97A0DEFD-7BAB-4D4E-A04D-94ED6A8D5DCB}.Release|Any CPU.ActiveCfg = Release|Any CPU
		{97A0DEFD-7BAB-4D4E-A04D-94ED6A8D5DCB}.Release|Any CPU.Build.0 = Release|Any CPU
	EndGlobalSection
	GlobalSection(SolutionProperties) = preSolution
		HideSolutionNode = FALSE
	EndGlobalSection
	GlobalSection(ExtensibilityGlobals) = postSolution
		SolutionGuid = {E3959781-F4A7-4055-9E45-232D215DA78F}
	EndGlobalSection
EndGlobal
