
Microsoft Visual Studio Solution File, Format Version 12.00
# Visual Studio Version 16
VisualStudioVersion = 16.0.29613.14
MinimumVisualStudioVersion = 10.0.40219.1
Project("{FAE04EC0-301F-11D3-BF4B-00C04F79EFBC}") = "Filmovi", "Filmovi\Filmovi.csproj", "{B217F266-BEFC-407B-98C0-FBE5CA3BA88F}"
EndProject
Global
	GlobalSection(SolutionConfigurationPlatforms) = preSolution
		Debug|Any CPU = Debug|Any CPU
		Release|Any CPU = Release|Any CPU
	EndGlobalSection
	GlobalSection(ProjectConfigurationPlatforms) = postSolution
		{B217F266-BEFC-407B-98C0-FBE5CA3BA88F}.Debug|Any CPU.ActiveCfg = Debug|Any CPU
		{B217F266-BEFC-407B-98C0-FBE5CA3BA88F}.Debug|Any CPU.Build.0 = Debug|Any CPU
		{B217F266-BEFC-407B-98C0-FBE5CA3BA88F}.Release|Any CPU.ActiveCfg = Release|Any CPU
		{B217F266-BEFC-407B-98C0-FBE5CA3BA88F}.Release|Any CPU.Build.0 = Release|Any CPU
	EndGlobalSection
	GlobalSection(SolutionProperties) = preSolution
		HideSolutionNode = FALSE
	EndGlobalSection
	GlobalSection(ExtensibilityGlobals) = postSolution
		SolutionGuid = {214315C5-87F5-4FF8-93AA-9D5BA91382B2}
	EndGlobalSection
EndGlobal
