
Microsoft Visual Studio Solution File, Format Version 12.00
# Visual Studio Version 16
VisualStudioVersion = 16.0.29613.14
MinimumVisualStudioVersion = 10.0.40219.1
Project("{FAE04EC0-301F-11D3-BF4B-00C04F79EFBC}") = "Senzori", "Senzori\Senzori.csproj", "{8C9649FE-6A35-47ED-979A-82982B98D11D}"
EndProject
Global
	GlobalSection(SolutionConfigurationPlatforms) = preSolution
		Debug|Any CPU = Debug|Any CPU
		Release|Any CPU = Release|Any CPU
	EndGlobalSection
	GlobalSection(ProjectConfigurationPlatforms) = postSolution
		{8C9649FE-6A35-47ED-979A-82982B98D11D}.Debug|Any CPU.ActiveCfg = Debug|Any CPU
		{8C9649FE-6A35-47ED-979A-82982B98D11D}.Debug|Any CPU.Build.0 = Debug|Any CPU
		{8C9649FE-6A35-47ED-979A-82982B98D11D}.Release|Any CPU.ActiveCfg = Release|Any CPU
		{8C9649FE-6A35-47ED-979A-82982B98D11D}.Release|Any CPU.Build.0 = Release|Any CPU
	EndGlobalSection
	GlobalSection(SolutionProperties) = preSolution
		HideSolutionNode = FALSE
	EndGlobalSection
	GlobalSection(ExtensibilityGlobals) = postSolution
		SolutionGuid = {F8C932D2-91D0-48BE-A053-E465CE26BAB5}
	EndGlobalSection
EndGlobal
