
Microsoft Visual Studio Solution File, Format Version 12.00
# Visual Studio Version 17
VisualStudioVersion = 17.1.32210.238
MinimumVisualStudioVersion = 10.0.40219.1
Project("{FAE04EC0-301F-11D3-BF4B-00C04F79EFBC}") = "Svjetsko vrijeme", "Svjetsko vrijeme\Svjetsko vrijeme.csproj", "{BECCAB53-E23E-48D6-A330-AA2D02348121}"
EndProject
Global
	GlobalSection(SolutionConfigurationPlatforms) = preSolution
		Debug|Any CPU = Debug|Any CPU
		Release|Any CPU = Release|Any CPU
	EndGlobalSection
	GlobalSection(ProjectConfigurationPlatforms) = postSolution
		{BECCAB53-E23E-48D6-A330-AA2D02348121}.Debug|Any CPU.ActiveCfg = Debug|Any CPU
		{BECCAB53-E23E-48D6-A330-AA2D02348121}.Debug|Any CPU.Build.0 = Debug|Any CPU
		{BECCAB53-E23E-48D6-A330-AA2D02348121}.Release|Any CPU.ActiveCfg = Release|Any CPU
		{BECCAB53-E23E-48D6-A330-AA2D02348121}.Release|Any CPU.Build.0 = Release|Any CPU
	EndGlobalSection
	GlobalSection(SolutionProperties) = preSolution
		HideSolutionNode = FALSE
	EndGlobalSection
	GlobalSection(ExtensibilityGlobals) = postSolution
		SolutionGuid = {29470876-CC21-4FD8-994E-15316B99B016}
	EndGlobalSection
EndGlobal
