
Microsoft Visual Studio Solution File, Format Version 12.00
# Visual Studio Version 17
VisualStudioVersion = 17.1.32210.238
MinimumVisualStudioVersion = 10.0.40219.1
Project("{FAE04EC0-301F-11D3-BF4B-00C04F79EFBC}") = "Konverzija", "Konverzija\Konverzija.csproj", "{A23B1CD3-AE31-4AA1-BC78-480111503C69}"
EndProject
Global
	GlobalSection(SolutionConfigurationPlatforms) = preSolution
		Debug|Any CPU = Debug|Any CPU
		Release|Any CPU = Release|Any CPU
	EndGlobalSection
	GlobalSection(ProjectConfigurationPlatforms) = postSolution
		{A23B1CD3-AE31-4AA1-BC78-480111503C69}.Debug|Any CPU.ActiveCfg = Debug|Any CPU
		{A23B1CD3-AE31-4AA1-BC78-480111503C69}.Debug|Any CPU.Build.0 = Debug|Any CPU
		{A23B1CD3-AE31-4AA1-BC78-480111503C69}.Release|Any CPU.ActiveCfg = Release|Any CPU
		{A23B1CD3-AE31-4AA1-BC78-480111503C69}.Release|Any CPU.Build.0 = Release|Any CPU
	EndGlobalSection
	GlobalSection(SolutionProperties) = preSolution
		HideSolutionNode = FALSE
	EndGlobalSection
	GlobalSection(ExtensibilityGlobals) = postSolution
		SolutionGuid = {7D14AEC2-441C-4DC5-AC0E-93F8FDB007E1}
	EndGlobalSection
EndGlobal
