
Microsoft Visual Studio Solution File, Format Version 12.00
# Visual Studio Version 16
VisualStudioVersion = 16.0.29613.14
MinimumVisualStudioVersion = 10.0.40219.1
Project("{FAE04EC0-301F-11D3-BF4B-00C04F79EFBC}") = "Registracija", "Registracija\Registracija.csproj", "{87EE2477-C895-49CC-9BB1-F380AA67D610}"
EndProject
Global
	GlobalSection(SolutionConfigurationPlatforms) = preSolution
		Debug|Any CPU = Debug|Any CPU
		Release|Any CPU = Release|Any CPU
	EndGlobalSection
	GlobalSection(ProjectConfigurationPlatforms) = postSolution
		{87EE2477-C895-49CC-9BB1-F380AA67D610}.Debug|Any CPU.ActiveCfg = Debug|Any CPU
		{87EE2477-C895-49CC-9BB1-F380AA67D610}.Debug|Any CPU.Build.0 = Debug|Any CPU
		{87EE2477-C895-49CC-9BB1-F380AA67D610}.Release|Any CPU.ActiveCfg = Release|Any CPU
		{87EE2477-C895-49CC-9BB1-F380AA67D610}.Release|Any CPU.Build.0 = Release|Any CPU
	EndGlobalSection
	GlobalSection(SolutionProperties) = preSolution
		HideSolutionNode = FALSE
	EndGlobalSection
	GlobalSection(ExtensibilityGlobals) = postSolution
		SolutionGuid = {4F24EB66-C630-4E87-84D2-DA3786B443F2}
	EndGlobalSection
EndGlobal
